
Microsoft Visual Studio Solution File, Format Version 12.00
# Visual Studio Version 17
VisualStudioVersion = 17.1.32407.343
MinimumVisualStudioVersion = 10.0.40219.1
Project("{FAE04EC0-301F-11D3-BF4B-00C04F79EFBC}") = "ProjectAPi", "ProjectAPi\ProjectAPi.csproj", "{90A0910F-3CA9-4E9C-841D-B7198DA059F5}"
EndProject
Global
	GlobalSection(SolutionConfigurationPlatforms) = preSolution
		Debug|Any CPU = Debug|Any CPU
		Release|Any CPU = Release|Any CPU
	EndGlobalSection
	GlobalSection(ProjectConfigurationPlatforms) = postSolution
		{90A0910F-3CA9-4E9C-841D-B7198DA059F5}.Debug|Any CPU.ActiveCfg = Debug|Any CPU
		{90A0910F-3CA9-4E9C-841D-B7198DA059F5}.Debug|Any CPU.Build.0 = Debug|Any CPU
		{90A0910F-3CA9-4E9C-841D-B7198DA059F5}.Release|Any CPU.ActiveCfg = Release|Any CPU
		{90A0910F-3CA9-4E9C-841D-B7198DA059F5}.Release|Any CPU.Build.0 = Release|Any CPU
	EndGlobalSection
	GlobalSection(SolutionProperties) = preSolution
		HideSolutionNode = FALSE
	EndGlobalSection
	GlobalSection(ExtensibilityGlobals) = postSolution
		SolutionGuid = {BE6F445A-E0F0-48F5-8026-43C0D3965113}
	EndGlobalSection
EndGlobal
